<?xml version="1.0" encoding="utf-8"?>
<Project ToolsVersion="4.0" xmlns="http://schemas.microsoft.com/developer/msbuild/2003">
  <ItemGroup>
    <Filter Include="ソース ファイル">
      <UniqueIdentifier>{4FC737F1-C7A5-4376-A066-2A32D752A2FF}</UniqueIdentifier>
      <Extensions>cpp;c;cc;cxx;def;odl;idl;hpj;bat;asm;asmx</Extensions>
    </Filter>
    <Filter Include="ヘッダー ファイル">
      <UniqueIdentifier>{93995380-89BD-4b04-88EB-625FBE52EBFB}</UniqueIdentifier>
      <Extensions>h;hh;hpp;hxx;hm;inl;inc;xsd</Extensions>
    </Filter>
    <Filter Include="リソース ファイル">
      <UniqueIdentifier>{67DA6AB6-F800-4c08-8B7A-83BB121AAD01}</UniqueIdentifier>
      <Extensions>rc;ico;cur;bmp;dlg;rc2;rct;bin;rgs;gif;jpg;jpeg;jpe;resx;tiff;tif;png;wav;mfcribbon-ms</Extensions>
    </Filter>
    <Filter Include="ソース ファイル\Alg">
      <UniqueIdentifier>{970f562c-ec9e-40d0-8ddb-ab97a183fa62}</UniqueIdentifier>
    </Filter>
    <Filter Include="ヘッダー ファイル\Alg">
      <UniqueIdentifier>{dc4f18b5-0757-40a5-b910-365cd9f1659b}</UniqueIdentifier>
    </Filter>
    <Filter Include="ソース ファイル\ExCorr">
      <UniqueIdentifier>{c88e2168-88e7-475b-8b9d-b0a532fbd9e8}</UniqueIdentifier>
    </Filter>
    <Filter Include="ヘッダー ファイル\ExCorr">
      <UniqueIdentifier>{c3102fc9-c1f6-4012-a683-9b09c9ee30b3}</UniqueIdentifier>
    </Filter>
    <Filter Include="ソース ファイル\Fem1D">
      <UniqueIdentifier>{0b6891d2-ce3d-4ef7-8730-1cff46915d50}</UniqueIdentifier>
    </Filter>
    <Filter Include="ヘッダー ファイル\Fem1D">
      <UniqueIdentifier>{ded843e1-8162-4f31-aaa8-fef1b0fc60f0}</UniqueIdentifier>
    </Filter>
    <Filter Include="ソース ファイル\Integ">
      <UniqueIdentifier>{f5cc89c6-b4e6-4414-84ae-cc843a2747b0}</UniqueIdentifier>
    </Filter>
    <Filter Include="ヘッダー ファイル\Integ">
      <UniqueIdentifier>{f2fafa29-399a-4a53-af44-7c35f7ae8ea3}</UniqueIdentifier>
    </Filter>
    <Filter Include="ソース ファイル\Ks">
      <UniqueIdentifier>{ce4a34c9-06ab-4d29-a8c9-dff0f45b968e}</UniqueIdentifier>
    </Filter>
    <Filter Include="ヘッダー ファイル\Ks">
      <UniqueIdentifier>{06bdbd7c-3e80-4c67-b952-ac2544cb58c9}</UniqueIdentifier>
    </Filter>
    <Filter Include="ソース ファイル\Util">
      <UniqueIdentifier>{487f0bc7-5603-42cb-8b89-934866938a8c}</UniqueIdentifier>
    </Filter>
    <Filter Include="ヘッダー ファイル\Util">
      <UniqueIdentifier>{1230f95a-17b6-4c93-af2f-51849035060e}</UniqueIdentifier>
    </Filter>
    <Filter Include="doc">
      <UniqueIdentifier>{3596d25b-c5af-4395-a21c-a5559ca476c0}</UniqueIdentifier>
    </Filter>
    <Filter Include="exm">
      <UniqueIdentifier>{1a0a015e-815a-431f-81fc-72902db8d111}</UniqueIdentifier>
    </Filter>
  </ItemGroup>
  <ItemGroup>
    <ClCompile Include="src\Alg\clpmtxband.cpp">
      <Filter>ソース ファイル\Alg</Filter>
    </ClCompile>
    <ClCompile Include="src\Alg\clpmtx.cpp">
      <Filter>ソース ファイル\Alg</Filter>
    </ClCompile>
    <ClCompile Include="src\ExCorr\exchs.cpp">
      <Filter>ソース ファイル\ExCorr</Filter>
    </ClCompile>
    <ClCompile Include="src\ExCorr\exchb88.cpp">
      <Filter>ソース ファイル\ExCorr</Filter>
    </ClCompile>
    <ClCompile Include="src\ExCorr\corrlyp.cpp">
      <Filter>ソース ファイル\ExCorr</Filter>
    </ClCompile>
    <ClCompile Include="src\Fem1D\approx.cpp">
      <Filter>ソース ファイル\Fem1D</Filter>
    </ClCompile>
    <ClCompile Include="src\Fem1D\eigprob.cpp">
      <Filter>ソース ファイル\Fem1D</Filter>
    </ClCompile>
    <ClCompile Include="src\Fem1D\odeprob.cpp">
      <Filter>ソース ファイル\Fem1D</Filter>
    </ClCompile>
    <ClCompile Include="src\Fem1D\bndr.cpp">
      <Filter>ソース ファイル\Fem1D</Filter>
    </ClCompile>
    <ClCompile Include="src\Fem1D\element.cpp">
      <Filter>ソース ファイル\Fem1D</Filter>
    </ClCompile>
    <ClCompile Include="src\Fem1D\eltinfo.cpp">
      <Filter>ソース ファイル\Fem1D</Filter>
    </ClCompile>
    <ClCompile Include="src\Fem1D\heapelt.cpp">
      <Filter>ソース ファイル\Fem1D</Filter>
    </ClCompile>
    <ClCompile Include="src\Fem1D\mesh.cpp">
      <Filter>ソース ファイル\Fem1D</Filter>
    </ClCompile>
    <ClCompile Include="src\Fem1D\prob.cpp">
      <Filter>ソース ファイル\Fem1D</Filter>
    </ClCompile>
    <ClCompile Include="src\Integ\adapt2D.cpp">
      <Filter>ソース ファイル\Integ</Filter>
    </ClCompile>
    <ClCompile Include="src\Integ\adapt3D.cpp">
      <Filter>ソース ファイル\Integ</Filter>
    </ClCompile>
    <ClCompile Include="src\Integ\brick.cpp">
      <Filter>ソース ファイル\Integ</Filter>
    </ClCompile>
    <ClCompile Include="src\Integ\gauss2D.cpp">
      <Filter>ソース ファイル\Integ</Filter>
    </ClCompile>
    <ClCompile Include="src\Integ\int1Ddiscret.cpp">
      <Filter>ソース ファイル\Integ</Filter>
    </ClCompile>
    <ClCompile Include="src\Integ\int1Dgauss.cpp">
      <Filter>ソース ファイル\Integ</Filter>
    </ClCompile>
    <ClCompile Include="src\Integ\int1Dtrap.cpp">
      <Filter>ソース ファイル\Integ</Filter>
    </ClCompile>
    <ClCompile Include="src\Integ\rec.cpp">
      <Filter>ソース ファイル\Integ</Filter>
    </ClCompile>
    <ClCompile Include="src\Ks\energy.cpp">
      <Filter>ソース ファイル\Ks</Filter>
    </ClCompile>
    <ClCompile Include="src\Ks\funener.cpp">
      <Filter>ソース ファイル\Ks</Filter>
    </ClCompile>
    <ClCompile Include="src\Ks\kohnsham.cpp">
      <Filter>ソース ファイル\Ks</Filter>
    </ClCompile>
    <ClCompile Include="src\Ks\main.cpp">
      <Filter>ソース ファイル\Ks</Filter>
    </ClCompile>
    <ClCompile Include="src\Ks\nonlinks.cpp">
      <Filter>ソース ファイル\Ks</Filter>
    </ClCompile>
    <ClCompile Include="src\Ks\paramdb.cpp">
      <Filter>ソース ファイル\Ks</Filter>
    </ClCompile>
    <ClCompile Include="src\Ks\pot.cpp">
      <Filter>ソース ファイル\Ks</Filter>
    </ClCompile>
    <ClCompile Include="src\Ks\rho.cpp">
      <Filter>ソース ファイル\Ks</Filter>
    </ClCompile>
    <ClCompile Include="src\Ks\state.cpp">
      <Filter>ソース ファイル\Ks</Filter>
    </ClCompile>
    <ClCompile Include="src\Ks\stateset.cpp">
      <Filter>ソース ファイル\Ks</Filter>
    </ClCompile>
    <ClCompile Include="src\Util\bisection.cpp">
      <Filter>ソース ファイル\Util</Filter>
    </ClCompile>
    <ClCompile Include="src\Util\helpfun.cpp">
      <Filter>ソース ファイル\Util</Filter>
    </ClCompile>
    <ClCompile Include="src\Util\lobatto.cpp">
      <Filter>ソース ファイル\Util</Filter>
    </ClCompile>
    <ClCompile Include="src\Util\mtx.cpp">
      <Filter>ソース ファイル\Util</Filter>
    </ClCompile>
    <ClCompile Include="src\Util\shreal.cpp">
      <Filter>ソース ファイル\Util</Filter>
    </ClCompile>
    <ClCompile Include="src\Util\vec.cpp">
      <Filter>ソース ファイル\Util</Filter>
    </ClCompile>
    <ClCompile Include="src\ExCorr\exchpbe.cpp">
      <Filter>ソース ファイル\ExCorr</Filter>
    </ClCompile>
    <ClCompile Include="src\ExCorr\corrpbe.cpp">
      <Filter>ソース ファイル\ExCorr</Filter>
    </ClCompile>
    <ClCompile Include="src\ExCorr\corrhf.cpp">
      <Filter>ソース ファイル\ExCorr</Filter>
    </ClCompile>
    <ClCompile Include="src\ExCorr\exchpbe0.cpp">
      <Filter>ソース ファイル\ExCorr</Filter>
    </ClCompile>
    <ClCompile Include="src\ExCorr\exchhf.cpp">
      <Filter>ソース ファイル\ExCorr</Filter>
    </ClCompile>
    <ClCompile Include="src\ExCorr\excorrlda.cpp">
      <Filter>ソース ファイル\ExCorr</Filter>
    </ClCompile>
    <ClCompile Include="src\ExCorr\excorrgga.cpp">
      <Filter>ソース ファイル\ExCorr</Filter>
    </ClCompile>
  </ItemGroup>
  <ItemGroup>
    <ClInclude Include="src\Alg\clpmtxband.h">
      <Filter>ヘッダー ファイル\Alg</Filter>
    </ClInclude>
    <ClInclude Include="src\Alg\alg.h">
      <Filter>ヘッダー ファイル\Alg</Filter>
    </ClInclude>
    <ClInclude Include="src\Alg\clpmtx.h">
      <Filter>ヘッダー ファイル\Alg</Filter>
    </ClInclude>
    <ClInclude Include="src\Alg\stdafx.h">
      <Filter>ヘッダー ファイル\Alg</Filter>
    </ClInclude>
    <ClInclude Include="src\ExCorr\xc.h">
      <Filter>ヘッダー ファイル\ExCorr</Filter>
    </ClInclude>
    <ClInclude Include="src\ExCorr\excorr.h">
      <Filter>ヘッダー ファイル\ExCorr</Filter>
    </ClInclude>
    <ClInclude Include="src\ExCorr\exchs.h">
      <Filter>ヘッダー ファイル\ExCorr</Filter>
    </ClInclude>
    <ClInclude Include="src\ExCorr\exchpbe.h">
      <Filter>ヘッダー ファイル\ExCorr</Filter>
    </ClInclude>
    <ClInclude Include="src\ExCorr\exchb88.h">
      <Filter>ヘッダー ファイル\ExCorr</Filter>
    </ClInclude>
    <ClInclude Include="src\ExCorr\corrlyp.h">
      <Filter>ヘッダー ファイル\ExCorr</Filter>
    </ClInclude>
    <ClInclude Include="src\ExCorr\stdafx.h">
      <Filter>ヘッダー ファイル\ExCorr</Filter>
    </ClInclude>
    <ClInclude Include="src\Fem1D\eigprob.h">
      <Filter>ヘッダー ファイル\Fem1D</Filter>
    </ClInclude>
    <ClInclude Include="src\Fem1D\prob.h">
      <Filter>ヘッダー ファイル\Fem1D</Filter>
    </ClInclude>
    <ClInclude Include="src\Fem1D\odeprob.h">
      <Filter>ヘッダー ファイル\Fem1D</Filter>
    </ClInclude>
    <ClInclude Include="src\Fem1D\mesh.h">
      <Filter>ヘッダー ファイル\Fem1D</Filter>
    </ClInclude>
    <ClInclude Include="src\Fem1D\heapelt.h">
      <Filter>ヘッダー ファイル\Fem1D</Filter>
    </ClInclude>
    <ClInclude Include="src\Fem1D\heap.h">
      <Filter>ヘッダー ファイル\Fem1D</Filter>
    </ClInclude>
    <ClInclude Include="src\Fem1D\fem1D.h">
      <Filter>ヘッダー ファイル\Fem1D</Filter>
    </ClInclude>
    <ClInclude Include="src\Fem1D\eltinfo.h">
      <Filter>ヘッダー ファイル\Fem1D</Filter>
    </ClInclude>
    <ClInclude Include="src\Fem1D\element.h">
      <Filter>ヘッダー ファイル\Fem1D</Filter>
    </ClInclude>
    <ClInclude Include="src\Fem1D\bndr.h">
      <Filter>ヘッダー ファイル\Fem1D</Filter>
    </ClInclude>
    <ClInclude Include="src\Fem1D\approx.h">
      <Filter>ヘッダー ファイル\Fem1D</Filter>
    </ClInclude>
    <ClInclude Include="src\Fem1D\stdafx.h">
      <Filter>ヘッダー ファイル\Fem1D</Filter>
    </ClInclude>
    <ClInclude Include="src\Integ\adapt2D.h">
      <Filter>ヘッダー ファイル\Integ</Filter>
    </ClInclude>
    <ClInclude Include="src\Integ\adapt3D.h">
      <Filter>ヘッダー ファイル\Integ</Filter>
    </ClInclude>
    <ClInclude Include="src\Integ\brick.h">
      <Filter>ヘッダー ファイル\Integ</Filter>
    </ClInclude>
    <ClInclude Include="src\Integ\eltset.h">
      <Filter>ヘッダー ファイル\Integ</Filter>
    </ClInclude>
    <ClInclude Include="src\Integ\gauss2D.h">
      <Filter>ヘッダー ファイル\Integ</Filter>
    </ClInclude>
    <ClInclude Include="src\Integ\int1D.h">
      <Filter>ヘッダー ファイル\Integ</Filter>
    </ClInclude>
    <ClInclude Include="src\Integ\int1Ddiscret.h">
      <Filter>ヘッダー ファイル\Integ</Filter>
    </ClInclude>
    <ClInclude Include="src\Integ\int1Dgauss.h">
      <Filter>ヘッダー ファイル\Integ</Filter>
    </ClInclude>
    <ClInclude Include="src\Integ\int1Dtrap.h">
      <Filter>ヘッダー ファイル\Integ</Filter>
    </ClInclude>
    <ClInclude Include="src\Integ\integ.h">
      <Filter>ヘッダー ファイル\Integ</Filter>
    </ClInclude>
    <ClInclude Include="src\Integ\pool.h">
      <Filter>ヘッダー ファイル\Integ</Filter>
    </ClInclude>
    <ClInclude Include="src\Integ\priorityqueue.h">
      <Filter>ヘッダー ファイル\Integ</Filter>
    </ClInclude>
    <ClInclude Include="src\Integ\rec.h">
      <Filter>ヘッダー ファイル\Integ</Filter>
    </ClInclude>
    <ClInclude Include="src\Integ\stdafx.h">
      <Filter>ヘッダー ファイル\Integ</Filter>
    </ClInclude>
    <ClInclude Include="src\Ks\energy.h">
      <Filter>ヘッダー ファイル\Ks</Filter>
    </ClInclude>
    <ClInclude Include="src\Ks\funener.h">
      <Filter>ヘッダー ファイル\Ks</Filter>
    </ClInclude>
    <ClInclude Include="src\Ks\kohnsham.h">
      <Filter>ヘッダー ファイル\Ks</Filter>
    </ClInclude>
    <ClInclude Include="src\Ks\nonlinks.h">
      <Filter>ヘッダー ファイル\Ks</Filter>
    </ClInclude>
    <ClInclude Include="src\Ks\paramdb.h">
      <Filter>ヘッダー ファイル\Ks</Filter>
    </ClInclude>
    <ClInclude Include="src\Ks\pot.h">
      <Filter>ヘッダー ファイル\Ks</Filter>
    </ClInclude>
    <ClInclude Include="src\Ks\rho.h">
      <Filter>ヘッダー ファイル\Ks</Filter>
    </ClInclude>
    <ClInclude Include="src\Ks\state.h">
      <Filter>ヘッダー ファイル\Ks</Filter>
    </ClInclude>
    <ClInclude Include="src\Ks\stateset.h">
      <Filter>ヘッダー ファイル\Ks</Filter>
    </ClInclude>
    <ClInclude Include="src\Ks\stdafx.h">
      <Filter>ヘッダー ファイル\Ks</Filter>
    </ClInclude>
    <ClInclude Include="src\Util\bisection.h">
      <Filter>ヘッダー ファイル\Util</Filter>
    </ClInclude>
    <ClInclude Include="src\Util\fun1D.h">
      <Filter>ヘッダー ファイル\Util</Filter>
    </ClInclude>
    <ClInclude Include="src\Util\fun2D.h">
      <Filter>ヘッダー ファイル\Util</Filter>
    </ClInclude>
    <ClInclude Include="src\Util\fun3D.h">
      <Filter>ヘッダー ファイル\Util</Filter>
    </ClInclude>
    <ClInclude Include="src\Util\helpfun.h">
      <Filter>ヘッダー ファイル\Util</Filter>
    </ClInclude>
    <ClInclude Include="src\Util\lobatto.h">
      <Filter>ヘッダー ファイル\Util</Filter>
    </ClInclude>
    <ClInclude Include="src\Util\mtx.h">
      <Filter>ヘッダー ファイル\Util</Filter>
    </ClInclude>
    <ClInclude Include="src\Util\point3D.h">
      <Filter>ヘッダー ファイル\Util</Filter>
    </ClInclude>
    <ClInclude Include="src\Util\shreal.h">
      <Filter>ヘッダー ファイル\Util</Filter>
    </ClInclude>
    <ClInclude Include="src\Util\stdafx.h">
      <Filter>ヘッダー ファイル\Util</Filter>
    </ClInclude>
    <ClInclude Include="src\Util\util.h">
      <Filter>ヘッダー ファイル\Util</Filter>
    </ClInclude>
    <ClInclude Include="src\Util\vec.h">
      <Filter>ヘッダー ファイル\Util</Filter>
    </ClInclude>
    <ClInclude Include="src\ExCorr\corrpbe.h">
      <Filter>ヘッダー ファイル\ExCorr</Filter>
    </ClInclude>
    <ClInclude Include="src\ExCorr\exchpbe0.h">
      <Filter>ヘッダー ファイル\ExCorr</Filter>
    </ClInclude>
    <ClInclude Include="src\ExCorr\exchhf.h">
      <Filter>ヘッダー ファイル\ExCorr</Filter>
    </ClInclude>
    <ClInclude Include="src\ExCorr\corrhf.h">
      <Filter>ヘッダー ファイル\ExCorr</Filter>
    </ClInclude>
    <ClInclude Include="exm\01H\atom.h">
      <Filter>exm</Filter>
    </ClInclude>
    <ClInclude Include="exm\02He\atom.h">
      <Filter>exm</Filter>
    </ClInclude>
    <ClInclude Include="exm\03Li\atom.h">
      <Filter>exm</Filter>
    </ClInclude>
    <ClInclude Include="exm\04Be\atom.h">
      <Filter>exm</Filter>
    </ClInclude>
    <ClInclude Include="exm\05B\atom.h">
      <Filter>exm</Filter>
    </ClInclude>
    <ClInclude Include="exm\06C\atom.h">
      <Filter>exm</Filter>
    </ClInclude>
    <ClInclude Include="exm\07N\atom.h">
      <Filter>exm</Filter>
    </ClInclude>
    <ClInclude Include="exm\08O\atom.h">
      <Filter>exm</Filter>
    </ClInclude>
    <ClInclude Include="exm\09F\atom.h">
      <Filter>exm</Filter>
    </ClInclude>
    <ClInclude Include="exm\10Ne\atom.h">
      <Filter>exm</Filter>
    </ClInclude>
    <ClInclude Include="exm\11Na\atom.h">
      <Filter>exm</Filter>
    </ClInclude>
    <ClInclude Include="exm\12Mg\atom.h">
      <Filter>exm</Filter>
    </ClInclude>
    <ClInclude Include="exm\13Al\atom.h">
      <Filter>exm</Filter>
    </ClInclude>
    <ClInclude Include="exm\14Si\atom.h">
      <Filter>exm</Filter>
    </ClInclude>
    <ClInclude Include="exm\15P\atom.h">
      <Filter>exm</Filter>
    </ClInclude>
    <ClInclude Include="exm\16S\atom.h">
      <Filter>exm</Filter>
    </ClInclude>
    <ClInclude Include="exm\17Cl\atom.h">
      <Filter>exm</Filter>
    </ClInclude>
    <ClInclude Include="exm\18Ar\atom.h">
      <Filter>exm</Filter>
    </ClInclude>
    <ClInclude Include="exm\19K\atom.h">
      <Filter>exm</Filter>
    </ClInclude>
    <ClInclude Include="exm\20Ca\atom.h">
      <Filter>exm</Filter>
    </ClInclude>
    <ClInclude Include="exm\21Sc\atom.h">
      <Filter>exm</Filter>
    </ClInclude>
    <ClInclude Include="exm\22Ti\atom.h">
      <Filter>exm</Filter>
    </ClInclude>
    <ClInclude Include="exm\23V\atom.h">
      <Filter>exm</Filter>
    </ClInclude>
    <ClInclude Include="exm\24Cr\atom.h">
      <Filter>exm</Filter>
    </ClInclude>
    <ClInclude Include="exm\25Mn\atom.h">
      <Filter>exm</Filter>
    </ClInclude>
    <ClInclude Include="exm\26Fe\atom.h">
      <Filter>exm</Filter>
    </ClInclude>
    <ClInclude Include="exm\27Co\atom.h">
      <Filter>exm</Filter>
    </ClInclude>
    <ClInclude Include="exm\28Ni\atom.h">
      <Filter>exm</Filter>
    </ClInclude>
    <ClInclude Include="exm\29Cu\atom.h">
      <Filter>exm</Filter>
    </ClInclude>
    <ClInclude Include="exm\30Zn\atom.h">
      <Filter>exm</Filter>
    </ClInclude>
    <ClInclude Include="exm\31Ga\atom.h">
      <Filter>exm</Filter>
    </ClInclude>
    <ClInclude Include="exm\32Ge\atom.h">
      <Filter>exm</Filter>
    </ClInclude>
    <ClInclude Include="exm\33As\atom.h">
      <Filter>exm</Filter>
    </ClInclude>
    <ClInclude Include="exm\34Se\atom.h">
      <Filter>exm</Filter>
    </ClInclude>
    <ClInclude Include="exm\35Br\atom.h">
      <Filter>exm</Filter>
    </ClInclude>
    <ClInclude Include="exm\36Kr\atom.h">
      <Filter>exm</Filter>
    </ClInclude>
    <ClInclude Include="exm\37Rb\atom.h">
      <Filter>exm</Filter>
    </ClInclude>
    <ClInclude Include="exm\38Sr\atom.h">
      <Filter>exm</Filter>
    </ClInclude>
    <ClInclude Include="exm\39Y\atom.h">
      <Filter>exm</Filter>
    </ClInclude>
    <ClInclude Include="exm\40Zr\atom.h">
      <Filter>exm</Filter>
    </ClInclude>
    <ClInclude Include="exm\41Nb\atom.h">
      <Filter>exm</Filter>
    </ClInclude>
    <ClInclude Include="exm\42Mo\atom.h">
      <Filter>exm</Filter>
    </ClInclude>
    <ClInclude Include="exm\43Tc\atom.h">
      <Filter>exm</Filter>
    </ClInclude>
    <ClInclude Include="exm\44Ru\atom.h">
      <Filter>exm</Filter>
    </ClInclude>
    <ClInclude Include="exm\45Rh\atom.h">
      <Filter>exm</Filter>
    </ClInclude>
    <ClInclude Include="exm\46Pd\atom.h">
      <Filter>exm</Filter>
    </ClInclude>
    <ClInclude Include="exm\47Ag\atom.h">
      <Filter>exm</Filter>
    </ClInclude>
    <ClInclude Include="exm\48Cd\atom.h">
      <Filter>exm</Filter>
    </ClInclude>
    <ClInclude Include="exm\49In\atom.h">
      <Filter>exm</Filter>
    </ClInclude>
    <ClInclude Include="exm\50Sn\atom.h">
      <Filter>exm</Filter>
    </ClInclude>
    <ClInclude Include="exm\51Sb\atom.h">
      <Filter>exm</Filter>
    </ClInclude>
    <ClInclude Include="exm\52Te\atom.h">
      <Filter>exm</Filter>
    </ClInclude>
    <ClInclude Include="exm\53I\atom.h">
      <Filter>exm</Filter>
    </ClInclude>
    <ClInclude Include="exm\54Xe\atom.h">
      <Filter>exm</Filter>
    </ClInclude>
    <ClInclude Include="exm\55Cs\atom.h">
      <Filter>exm</Filter>
    </ClInclude>
    <ClInclude Include="exm\56Ba\atom.h">
      <Filter>exm</Filter>
    </ClInclude>
    <ClInclude Include="exm\57La\atom.h">
      <Filter>exm</Filter>
    </ClInclude>
    <ClInclude Include="exm\58Ce\atom.h">
      <Filter>exm</Filter>
    </ClInclude>
    <ClInclude Include="exm\59Pr\atom.h">
      <Filter>exm</Filter>
    </ClInclude>
    <ClInclude Include="exm\60Nd\atom.h">
      <Filter>exm</Filter>
    </ClInclude>
    <ClInclude Include="exm\61Pm\atom.h">
      <Filter>exm</Filter>
    </ClInclude>
    <ClInclude Include="exm\62Sm\atom.h">
      <Filter>exm</Filter>
    </ClInclude>
    <ClInclude Include="exm\63Eu\atom.h">
      <Filter>exm</Filter>
    </ClInclude>
    <ClInclude Include="exm\64Gd\atom.h">
      <Filter>exm</Filter>
    </ClInclude>
    <ClInclude Include="exm\65Tb\atom.h">
      <Filter>exm</Filter>
    </ClInclude>
    <ClInclude Include="exm\66Dy\atom.h">
      <Filter>exm</Filter>
    </ClInclude>
    <ClInclude Include="exm\67Ho\atom.h">
      <Filter>exm</Filter>
    </ClInclude>
    <ClInclude Include="exm\68Er\atom.h">
      <Filter>exm</Filter>
    </ClInclude>
    <ClInclude Include="exm\69Tm\atom.h">
      <Filter>exm</Filter>
    </ClInclude>
    <ClInclude Include="exm\70Yb\atom.h">
      <Filter>exm</Filter>
    </ClInclude>
    <ClInclude Include="exm\71Lu\atom.h">
      <Filter>exm</Filter>
    </ClInclude>
    <ClInclude Include="exm\72Hf\atom.h">
      <Filter>exm</Filter>
    </ClInclude>
    <ClInclude Include="exm\73Ta\atom.h">
      <Filter>exm</Filter>
    </ClInclude>
    <ClInclude Include="exm\74W\atom.h">
      <Filter>exm</Filter>
    </ClInclude>
    <ClInclude Include="exm\75Re\atom.h">
      <Filter>exm</Filter>
    </ClInclude>
    <ClInclude Include="exm\76Os\atom.h">
      <Filter>exm</Filter>
    </ClInclude>
    <ClInclude Include="exm\77Ir\atom.h">
      <Filter>exm</Filter>
    </ClInclude>
    <ClInclude Include="exm\78Pt\atom.h">
      <Filter>exm</Filter>
    </ClInclude>
    <ClInclude Include="exm\79Au\atom.h">
      <Filter>exm</Filter>
    </ClInclude>
    <ClInclude Include="exm\80Hg\atom.h">
      <Filter>exm</Filter>
    </ClInclude>
    <ClInclude Include="exm\81Tl\atom.h">
      <Filter>exm</Filter>
    </ClInclude>
    <ClInclude Include="exm\82Pb\atom.h">
      <Filter>exm</Filter>
    </ClInclude>
    <ClInclude Include="exm\83Bi\atom.h">
      <Filter>exm</Filter>
    </ClInclude>
    <ClInclude Include="exm\84Po\atom.h">
      <Filter>exm</Filter>
    </ClInclude>
    <ClInclude Include="exm\85At\atom.h">
      <Filter>exm</Filter>
    </ClInclude>
    <ClInclude Include="exm\86Rn\atom.h">
      <Filter>exm</Filter>
    </ClInclude>
    <ClInclude Include="exm\87Fr\atom.h">
      <Filter>exm</Filter>
    </ClInclude>
    <ClInclude Include="exm\88Ra\atom.h">
      <Filter>exm</Filter>
    </ClInclude>
    <ClInclude Include="exm\89Ac\atom.h">
      <Filter>exm</Filter>
    </ClInclude>
    <ClInclude Include="exm\90Th\atom.h">
      <Filter>exm</Filter>
    </ClInclude>
    <ClInclude Include="exm\91Pa\atom.h">
      <Filter>exm</Filter>
    </ClInclude>
    <ClInclude Include="exm\92U\atom.h">
      <Filter>exm</Filter>
    </ClInclude>
    <ClInclude Include="src\Util\spin.h">
      <Filter>ヘッダー ファイル\Util</Filter>
    </ClInclude>
    <ClInclude Include="src\ExCorr\xcfunc_deleter.h">
      <Filter>ヘッダー ファイル\ExCorr</Filter>
    </ClInclude>
    <ClInclude Include="src\ExCorr\excorrlda.h">
      <Filter>ヘッダー ファイル\ExCorr</Filter>
    </ClInclude>
    <ClInclude Include="src\ExCorr\excorrgga.h">
      <Filter>ヘッダー ファイル\ExCorr</Filter>
    </ClInclude>
    <ClInclude Include="src\Util\property.h">
      <Filter>ヘッダー ファイル\Util</Filter>
    </ClInclude>
  </ItemGroup>
  <ItemGroup>
    <None Include="doc\Fem1D-Manual-pl.pdf">
      <Filter>doc</Filter>
    </None>
    <None Include="doc\MolPhys-2009-107-1339.pdf">
      <Filter>doc</Filter>
    </None>
    <None Include="doc\MSMS-2009-17-045001.pdf">
      <Filter>doc</Filter>
    </None>
    <None Include="doc\RAtom-Manual-pl.pdf">
      <Filter>doc</Filter>
    </None>
    <None Include="exm\clean">
      <Filter>exm</Filter>
    </None>
    <None Include="exm\common.inp">
      <Filter>exm</Filter>
    </None>
    <None Include="exm\run">
      <Filter>exm</Filter>
    </None>
    <None Include="..\README" />
  </ItemGroup>
</Project>